PODS:
  - Alamofire (5.8.0)
  - NVActivityIndicatorView (5.1.1):
    - NVActivityIndicatorView/Base (= 5.1.1)
  - NVActivityIndicatorView/Base (5.1.1)
  - SwiftyJSON (5.0.1)

DEPENDENCIES:
  - Alamofire
  - NVActivityIndicatorView
  - SwiftyJSON

SPEC REPOS:
  trunk:
    - Alamofire
    - NVActivityIndicatorView
    - SwiftyJSON

SPEC CHECKSUMS:
  Alamofire: 0e92e751b3e9e66d7982db43919d01f313b8eb91
  NVActivityIndicatorView: 1f6c5687f1171810aa27a3296814dc2d7dec3667
  SwiftyJSON: 2f33a42c6fbc52764d96f13368585094bfd8aa5e

PODFILE CHECKSUM: 0bfff5cbb2661b78dd4dc16d74af48a6fd553ef1

COCOAPODS: 1.12.0
